
Microsoft Visual Studio Solution File, Format Version 12.00
# Visual Studio Version 16
VisualStudioVersion = 16.0.30114.105
MinimumVisualStudioVersion = 10.0.40219.1
Project("{FAE04EC0-301F-11D3-BF4B-00C04F79EFBC}") = "ProEventos.Application", "ProEventos.Application\ProEventos.Application.csproj", "{976056E5-7073-4FCC-BFB5-463B6C21BF89}"
EndProject
Project("{FAE04EC0-301F-11D3-BF4B-00C04F79EFBC}") = "ProEventos.Domain", "ProEventos.Domain\ProEventos.Domain.csproj", "{8D18FE52-8579-44A9-82B0-3CCB6BC224A1}"
EndProject
Project("{FAE04EC0-301F-11D3-BF4B-00C04F79EFBC}") = "ProEventos.API", "ProEventos.Api\ProEventos.API.csproj", "{5D811857-E7C3-4954-807A-12BC37494771}"
EndProject
Project("{FAE04EC0-301F-11D3-BF4B-00C04F79EFBC}") = "ProEventos.Persistence", "ProEventos.Persistence\ProEventos.Persistence.csproj", "{D73B139F-7337-4C71-991B-38B1A04DA9C7}"
EndProject
Global
	GlobalSection(SolutionConfigurationPlatforms) = preSolution
		Debug|Any CPU = Debug|Any CPU
		Debug|x64 = Debug|x64
		Debug|x86 = Debug|x86
		Release|Any CPU = Release|Any CPU
		Release|x64 = Release|x64
		Release|x86 = Release|x86
	EndGlobalSection
	GlobalSection(SolutionProperties) = preSolution
		HideSolutionNode = FALSE
	EndGlobalSection
	GlobalSection(ProjectConfigurationPlatforms) = postSolution
		{976056E5-7073-4FCC-BFB5-463B6C21BF89}.Debug|Any CPU.ActiveCfg = Debug|Any CPU
		{976056E5-7073-4FCC-BFB5-463B6C21BF89}.Debug|Any CPU.Build.0 = Debug|Any CPU
		{976056E5-7073-4FCC-BFB5-463B6C21BF89}.Debug|x64.ActiveCfg = Debug|Any CPU
		{976056E5-7073-4FCC-BFB5-463B6C21BF89}.Debug|x64.Build.0 = Debug|Any CPU
		{976056E5-7073-4FCC-BFB5-463B6C21BF89}.Debug|x86.ActiveCfg = Debug|Any CPU
		{976056E5-7073-4FCC-BFB5-463B6C21BF89}.Debug|x86.Build.0 = Debug|Any CPU
		{976056E5-7073-4FCC-BFB5-463B6C21BF89}.Release|Any CPU.ActiveCfg = Release|Any CPU
		{976056E5-7073-4FCC-BFB5-463B6C21BF89}.Release|Any CPU.Build.0 = Release|Any CPU
		{976056E5-7073-4FCC-BFB5-463B6C21BF89}.Release|x64.ActiveCfg = Release|Any CPU
		{976056E5-7073-4FCC-BFB5-463B6C21BF89}.Release|x64.Build.0 = Release|Any CPU
		{976056E5-7073-4FCC-BFB5-463B6C21BF89}.Release|x86.ActiveCfg = Release|Any CPU
		{976056E5-7073-4FCC-BFB5-463B6C21BF89}.Release|x86.Build.0 = Release|Any CPU
		{8D18FE52-8579-44A9-82B0-3CCB6BC224A1}.Debug|Any CPU.ActiveCfg = Debug|Any CPU
		{8D18FE52-8579-44A9-82B0-3CCB6BC224A1}.Debug|Any CPU.Build.0 = Debug|Any CPU
		{8D18FE52-8579-44A9-82B0-3CCB6BC224A1}.Debug|x64.ActiveCfg = Debug|Any CPU
		{8D18FE52-8579-44A9-82B0-3CCB6BC224A1}.Debug|x64.Build.0 = Debug|Any CPU
		{8D18FE52-8579-44A9-82B0-3CCB6BC224A1}.Debug|x86.ActiveCfg = Debug|Any CPU
		{8D18FE52-8579-44A9-82B0-3CCB6BC224A1}.Debug|x86.Build.0 = Debug|Any CPU
		{8D18FE52-8579-44A9-82B0-3CCB6BC224A1}.Release|Any CPU.ActiveCfg = Release|Any CPU
		{8D18FE52-8579-44A9-82B0-3CCB6BC224A1}.Release|Any CPU.Build.0 = Release|Any CPU
		{8D18FE52-8579-44A9-82B0-3CCB6BC224A1}.Release|x64.ActiveCfg = Release|Any CPU
		{8D18FE52-8579-44A9-82B0-3CCB6BC224A1}.Release|x64.Build.0 = Release|Any CPU
		{8D18FE52-8579-44A9-82B0-3CCB6BC224A1}.Release|x86.ActiveCfg = Release|Any CPU
		{8D18FE52-8579-44A9-82B0-3CCB6BC224A1}.Release|x86.Build.0 = Release|Any CPU
		{5D811857-E7C3-4954-807A-12BC37494771}.Debug|Any CPU.ActiveCfg = Debug|Any CPU
		{5D811857-E7C3-4954-807A-12BC37494771}.Debug|Any CPU.Build.0 = Debug|Any CPU
		{5D811857-E7C3-4954-807A-12BC37494771}.Debug|x64.ActiveCfg = Debug|Any CPU
		{5D811857-E7C3-4954-807A-12BC37494771}.Debug|x64.Build.0 = Debug|Any CPU
		{5D811857-E7C3-4954-807A-12BC37494771}.Debug|x86.ActiveCfg = Debug|Any CPU
		{5D811857-E7C3-4954-807A-12BC37494771}.Debug|x86.Build.0 = Debug|Any CPU
		{5D811857-E7C3-4954-807A-12BC37494771}.Release|Any CPU.ActiveCfg = Release|Any CPU
		{5D811857-E7C3-4954-807A-12BC37494771}.Release|Any CPU.Build.0 = Release|Any CPU
		{5D811857-E7C3-4954-807A-12BC37494771}.Release|x64.ActiveCfg = Release|Any CPU
		{5D811857-E7C3-4954-807A-12BC37494771}.Release|x64.Build.0 = Release|Any CPU
		{5D811857-E7C3-4954-807A-12BC37494771}.Release|x86.ActiveCfg = Release|Any CPU
		{5D811857-E7C3-4954-807A-12BC37494771}.Release|x86.Build.0 = Release|Any CPU
		{D73B139F-7337-4C71-991B-38B1A04DA9C7}.Debug|Any CPU.ActiveCfg = Debug|Any CPU
		{D73B139F-7337-4C71-991B-38B1A04DA9C7}.Debug|Any CPU.Build.0 = Debug|Any CPU
		{D73B139F-7337-4C71-991B-38B1A04DA9C7}.Debug|x64.ActiveCfg = Debug|Any CPU
		{D73B139F-7337-4C71-991B-38B1A04DA9C7}.Debug|x64.Build.0 = Debug|Any CPU
		{D73B139F-7337-4C71-991B-38B1A04DA9C7}.Debug|x86.ActiveCfg = Debug|Any CPU
		{D73B139F-7337-4C71-991B-38B1A04DA9C7}.Debug|x86.Build.0 = Debug|Any CPU
		{D73B139F-7337-4C71-991B-38B1A04DA9C7}.Release|Any CPU.ActiveCfg = Release|Any CPU
		{D73B139F-7337-4C71-991B-38B1A04DA9C7}.Release|Any CPU.Build.0 = Release|Any CPU
		{D73B139F-7337-4C71-991B-38B1A04DA9C7}.Release|x64.ActiveCfg = Release|Any CPU
		{D73B139F-7337-4C71-991B-38B1A04DA9C7}.Release|x64.Build.0 = Release|Any CPU
		{D73B139F-7337-4C71-991B-38B1A04DA9C7}.Release|x86.ActiveCfg = Release|Any CPU
		{D73B139F-7337-4C71-991B-38B1A04DA9C7}.Release|x86.Build.0 = Release|Any CPU
	EndGlobalSection
EndGlobal
